
Microsoft Visual Studio Solution File, Format Version 12.00
# Visual Studio Version 17
VisualStudioVersion = 17.14.36408.4 d17.14
MinimumVisualStudioVersion = 10.0.40219.1
Project("{FAE04EC0-301F-11D3-BF4B-00C04F79EFBC}") = "Aiden_WhileLoops_GameProgramming1", "Aiden_WhileLoops_GameProgramming1\Aiden_WhileLoops_GameProgramming1.csproj", "{BBC55E28-78D8-4941-BCCA-62B5681B6019}"
EndProject
Global
	GlobalSection(SolutionConfigurationPlatforms) = preSolution
		Debug|Any CPU = Debug|Any CPU
		Release|Any CPU = Release|Any CPU
	EndGlobalSection
	GlobalSection(ProjectConfigurationPlatforms) = postSolution
		{BBC55E28-78D8-4941-BCCA-62B5681B6019}.Debug|Any CPU.ActiveCfg = Debug|Any CPU
		{BBC55E28-78D8-4941-BCCA-62B5681B6019}.Debug|Any CPU.Build.0 = Debug|Any CPU
		{BBC55E28-78D8-4941-BCCA-62B5681B6019}.Release|Any CPU.ActiveCfg = Release|Any CPU
		{BBC55E28-78D8-4941-BCCA-62B5681B6019}.Release|Any CPU.Build.0 = Release|Any CPU
	EndGlobalSection
	GlobalSection(SolutionProperties) = preSolution
		HideSolutionNode = FALSE
	EndGlobalSection
	GlobalSection(ExtensibilityGlobals) = postSolution
		SolutionGuid = {62357EB9-87FD-47D1-8289-A78482C5BA69}
	EndGlobalSection
EndGlobal
